
Microsoft Visual Studio Solution File, Format Version 12.00
# Visual Studio Version 17
VisualStudioVersion = 17.10.35013.160
MinimumVisualStudioVersion = 10.0.40219.1
Project("{9A19103F-16F7-4668-BE54-9A1E7A4F7556}") = "ReactShop.Server", "ReactShop.Server\ReactShop.Server.csproj", "{97F82C1D-878B-4597-BBAA-010D9113E2E5}"
EndProject
Project("{FAE04EC0-301F-11D3-BF4B-00C04F79EFBC}") = "ReactShop.AppHost", "ReactShop.AppHost\ReactShop.AppHost.csproj", "{F73E3491-C02E-48EF-B51D-9D08D862D9B1}"
EndProject
Project("{9A19103F-16F7-4668-BE54-9A1E7A4F7556}") = "ReactShop.ServiceDefaults", "ReactShop.ServiceDefaults\ReactShop.ServiceDefaults.csproj", "{5DF44B55-C0DD-45B7-8C6E-F5BA5F2EDF78}"
EndProject
Project("{54A90642-561A-4BB1-A94E-469ADEE60C69}") = "reactshop.client", "reactshop.client\reactshop.client.esproj", "{B1D45088-98F7-4CAC-83C3-AA30CF17A168}"
EndProject
Global
	GlobalSection(SolutionConfigurationPlatforms) = preSolution
		Debug|Any CPU = Debug|Any CPU
		Release|Any CPU = Release|Any CPU
	EndGlobalSection
	GlobalSection(ProjectConfigurationPlatforms) = postSolution
		{97F82C1D-878B-4597-BBAA-010D9113E2E5}.Debug|Any CPU.ActiveCfg = Debug|Any CPU
		{97F82C1D-878B-4597-BBAA-010D9113E2E5}.Debug|Any CPU.Build.0 = Debug|Any CPU
		{97F82C1D-878B-4597-BBAA-010D9113E2E5}.Release|Any CPU.ActiveCfg = Release|Any CPU
		{97F82C1D-878B-4597-BBAA-010D9113E2E5}.Release|Any CPU.Build.0 = Release|Any CPU
		{F73E3491-C02E-48EF-B51D-9D08D862D9B1}.Debug|Any CPU.ActiveCfg = Debug|Any CPU
		{F73E3491-C02E-48EF-B51D-9D08D862D9B1}.Debug|Any CPU.Build.0 = Debug|Any CPU
		{F73E3491-C02E-48EF-B51D-9D08D862D9B1}.Release|Any CPU.ActiveCfg = Release|Any CPU
		{F73E3491-C02E-48EF-B51D-9D08D862D9B1}.Release|Any CPU.Build.0 = Release|Any CPU
		{5DF44B55-C0DD-45B7-8C6E-F5BA5F2EDF78}.Debug|Any CPU.ActiveCfg = Debug|Any CPU
		{5DF44B55-C0DD-45B7-8C6E-F5BA5F2EDF78}.Debug|Any CPU.Build.0 = Debug|Any CPU
		{5DF44B55-C0DD-45B7-8C6E-F5BA5F2EDF78}.Release|Any CPU.ActiveCfg = Release|Any CPU
		{5DF44B55-C0DD-45B7-8C6E-F5BA5F2EDF78}.Release|Any CPU.Build.0 = Release|Any CPU
		{B1D45088-98F7-4CAC-83C3-AA30CF17A168}.Debug|Any CPU.ActiveCfg = Debug|Any CPU
		{B1D45088-98F7-4CAC-83C3-AA30CF17A168}.Debug|Any CPU.Build.0 = Debug|Any CPU
		{B1D45088-98F7-4CAC-83C3-AA30CF17A168}.Debug|Any CPU.Deploy.0 = Debug|Any CPU
		{B1D45088-98F7-4CAC-83C3-AA30CF17A168}.Release|Any CPU.ActiveCfg = Release|Any CPU
		{B1D45088-98F7-4CAC-83C3-AA30CF17A168}.Release|Any CPU.Build.0 = Release|Any CPU
		{B1D45088-98F7-4CAC-83C3-AA30CF17A168}.Release|Any CPU.Deploy.0 = Release|Any CPU
	EndGlobalSection
	GlobalSection(SolutionProperties) = preSolution
		HideSolutionNode = FALSE
	EndGlobalSection
	GlobalSection(ExtensibilityGlobals) = postSolution
		SolutionGuid = {B2A40ACA-9ED2-4A76-9DA7-8ABF4F8329F1}
	EndGlobalSection
EndGlobal
